// !$*UTF8*$!
{
	archiveVersion = 1;
	classes = {
	};
	objectVersion = 56;
	objects = {

/* Begin PBXBuildFile section */
		B13510602B0BA016004F337B /* TravelJournalApp.swift in Sources */ = {isa = PBXBuildFile; fileRef = B135105F2B0BA016004F337B /* TravelJournalApp.swift */; };
		B13510622B0BA016004F337B /* ContentView.swift in Sources */ = {isa = PBXBuildFile; fileRef = B13510612B0BA016004F337B /* ContentView.swift */; };
		B13510642B0BA019004F337B /* Assets.xcassets in Resources */ = {isa = PBXBuildFile; fileRef = B13510632B0BA019004F337B /* Assets.xcassets */; };
		B13510672B0BA019004F337B /* Preview Assets.xcassets in Resources */ = {isa = PBXBuildFile; fileRef = B13510662B0BA019004F337B /* Preview Assets.xcassets */; };
		B16810922B0BB23200CC25F4 /* Travel.swift in Sources */ = {isa = PBXBuildFile; fileRef = B16810912B0BB23200CC25F4 /* Travel.swift */; };
		B16810942B0BB6A400CC25F4 /* TravelView.swift in Sources */ = {isa = PBXBuildFile; fileRef = B16810932B0BB6A400CC25F4 /* TravelView.swift */; };
		B16810962B0CBBD600CC25F4 /* AddTravelView.swift in Sources */ = {isa = PBXBuildFile; fileRef = B16810952B0CBBD600CC25F4 /* AddTravelView.swift */; };
		B16810982B0CEE9900CC25F4 /* TravelDetailsView.swift in Sources */ = {isa = PBXBuildFile; fileRef = B16810972B0CEE9900CC25F4 /* TravelDetailsView.swift */; };
		B168109A2B0E521F00CC25F4 /* YelpController.swift in Sources */ = {isa = PBXBuildFile; fileRef = B16810992B0E521F00CC25F4 /* YelpController.swift */; };
		B168109C2B0E5AF400CC25F4 /* YelpFusion.swift in Sources */ = {isa = PBXBuildFile; fileRef = B168109B2B0E5AF400CC25F4 /* YelpFusion.swift */; };
/* End PBXBuildFile section */

/* Begin PBXFileReference section */
		B135105C2B0BA016004F337B /* TravelJournal.app */ = {isa = PBXFileReference; explicitFileType = wrapper.application; includeInIndex = 0; path = TravelJournal.app; sourceTree = BUILT_PRODUCTS_DIR; };
		B135105F2B0BA016004F337B /* TravelJournalApp.swift */ = {isa = PBXFileReference; lastKnownFileType = sourcecode.swift; path = TravelJournalApp.swift; sourceTree = "<group>"; };
		B13510612B0BA016004F337B /* ContentView.swift */ = {isa = PBXFileReference; lastKnownFileType = sourcecode.swift; path = ContentView.swift; sourceTree = "<group>"; };
		B13510632B0BA019004F337B /* Assets.xcassets */ = {isa = PBXFileReference; lastKnownFileType = folder.assetcatalog; path = Assets.xcassets; sourceTree = "<group>"; };
		B13510662B0BA019004F337B /* Preview Assets.xcassets */ = {isa = PBXFileReference; lastKnownFileType = folder.assetcatalog; path = "Preview Assets.xcassets"; sourceTree = "<group>"; };
		B16810912B0BB23200CC25F4 /* Travel.swift */ = {isa = PBXFileReference; lastKnownFileType = sourcecode.swift; path = Travel.swift; sourceTree = "<group>"; };
		B16810932B0BB6A400CC25F4 /* TravelView.swift */ = {isa = PBXFileReference; lastKnownFileType = sourcecode.swift; path = TravelView.swift; sourceTree = "<group>"; };
		B16810952B0CBBD600CC25F4 /* AddTravelView.swift */ = {isa = PBXFileReference; lastKnownFileType = sourcecode.swift; path = AddTravelView.swift; sourceTree = "<group>"; };
		B16810972B0CEE9900CC25F4 /* TravelDetailsView.swift */ = {isa = PBXFileReference; lastKnownFileType = sourcecode.swift; path = TravelDetailsView.swift; sourceTree = "<group>"; };
		B16810992B0E521F00CC25F4 /* YelpController.swift */ = {isa = PBXFileReference; lastKnownFileType = sourcecode.swift; path = YelpController.swift; sourceTree = "<group>"; };
		B168109B2B0E5AF400CC25F4 /* YelpFusion.swift */ = {isa = PBXFileReference; lastKnownFileType = sourcecode.swift; path = YelpFusion.swift; sourceTree = "<group>"; };
/* End PBXFileReference section */

/* Begin PBXFrameworksBuildPhase section */
		B13510592B0BA016004F337B /* Frameworks */ = {
			isa = PBXFrameworksBuildPhase;
			buildActionMask = 2147483647;
			files = (
			);
			runOnlyForDeploymentPostprocessing = 0;
		};
/* End PBXFrameworksBuildPhase section */

/* Begin PBXGroup section */
		B13510532B0BA016004F337B = {
			isa = PBXGroup;
			children = (
				B135105E2B0BA016004F337B /* TravelJournal */,
				B135105D2B0BA016004F337B /* Products */,
			);
			sourceTree = "<group>";
		};
		B135105D2B0BA016004F337B /* Products */ = {
			isa = PBXGroup;
			children = (
				B135105C2B0BA016004F337B /* TravelJournal.app */,
			);
			name = Products;
			sourceTree = "<group>";
		};
		B135105E2B0BA016004F337B /* TravelJournal */ = {
			isa = PBXGroup;
			children = (
				B168109B2B0E5AF400CC25F4 /* YelpFusion.swift */,
				B16810992B0E521F00CC25F4 /* YelpController.swift */,
				B16810912B0BB23200CC25F4 /* Travel.swift */,
				B16810932B0BB6A400CC25F4 /* TravelView.swift */,
				B16810972B0CEE9900CC25F4 /* TravelDetailsView.swift */,
				B135105F2B0BA016004F337B /* TravelJournalApp.swift */,
				B13510612B0BA016004F337B /* ContentView.swift */,
				B16810952B0CBBD600CC25F4 /* AddTravelView.swift */,
				B13510632B0BA019004F337B /* Assets.xcassets */,
				B13510652B0BA019004F337B /* Preview Content */,
			);
			path = TravelJournal;
			sourceTree = "<group>";
		};
		B13510652B0BA019004F337B /* Preview Content */ = {
			isa = PBXGroup;
			children = (
				B13510662B0BA019004F337B /* Preview Assets.xcassets */,
			);
			path = "Preview Content";
			sourceTree = "<group>";
		};
/* End PBXGroup section */

/* Begin PBXNativeTarget section */
		B135105B2B0BA016004F337B /* TravelJournal */ = {
			isa = PBXNativeTarget;
			buildConfigurationList = B135106A2B0BA019004F337B /* Build configuration list for PBXNativeTarget "TravelJournal" */;
			buildPhases = (
				B13510582B0BA016004F337B /* Sources */,
				B13510592B0BA016004F337B /* Frameworks */,
				B135105A2B0BA016004F337B /* Resources */,
			);
			buildRules = (
			);
			dependencies = (
			);
			name = TravelJournal;
			productName = TravelJournal;
			productReference = B135105C2B0BA016004F337B /* TravelJournal.app */;
			productType = "com.apple.product-type.application";
		};
/* End PBXNativeTarget section */

/* Begin PBXProject section */
		B13510542B0BA016004F337B /* Project object */ = {
			isa = PBXProject;
			attributes = {
				BuildIndependentTargetsInParallel = 1;
				LastSwiftUpdateCheck = 1500;
				LastUpgradeCheck = 1500;
				TargetAttributes = {
					B135105B2B0BA016004F337B = {
						CreatedOnToolsVersion = 15.0.1;
					};
				};
			};
			buildConfigurationList = B13510572B0BA016004F337B /* Build configuration list for PBXProject "TravelJournal" */;
			compatibilityVersion = "Xcode 14.0";
			developmentRegion = en;
			hasScannedForEncodings = 0;
			knownRegions = (
				en,
				Base,
			);
			mainGroup = B13510532B0BA016004F337B;
			productRefGroup = B135105D2B0BA016004F337B /* Products */;
			projectDirPath = "";
			projectRoot = "";
			targets = (
				B135105B2B0BA016004F337B /* TravelJournal */,
			);
		};
/* End PBXProject section */

/* Begin PBXResourcesBuildPhase section */
		B135105A2B0BA016004F337B /* Resources */ = {
			isa = PBXResourcesBuildPhase;
			buildActionMask = 2147483647;
			files = (
				B13510672B0BA019004F337B /* Preview Assets.xcassets in Resources */,
				B13510642B0BA019004F337B /* Assets.xcassets in Resources */,
			);
			runOnlyForDeploymentPostprocessing = 0;
		};
/* End PBXResourcesBuildPhase section */

/* Begin PBXSourcesBuildPhase section */
		B13510582B0BA016004F337B /* Sources */ = {
			isa = PBXSourcesBuildPhase;
			buildActionMask = 2147483647;
			files = (
				B16810962B0CBBD600CC25F4 /* AddTravelView.swift in Sources */,
				B168109C2B0E5AF400CC25F4 /* YelpFusion.swift in Sources */,
				B16810942B0BB6A400CC25F4 /* TravelView.swift in Sources */,
				B16810922B0BB23200CC25F4 /* Travel.swift in Sources */,
				B13510622B0BA016004F337B /* ContentView.swift in Sources */,
				B13510602B0BA016004F337B /* TravelJournalApp.swift in Sources */,
				B16810982B0CEE9900CC25F4 /* TravelDetailsView.swift in Sources */,
				B168109A2B0E521F00CC25F4 /* YelpController.swift in Sources */,
			);
			runOnlyForDeploymentPostprocessing = 0;
		};
/* End PBXSourcesBuildPhase section */

/* Begin XCBuildConfiguration section */
		B13510682B0BA019004F337B /* Debug */ = {
			isa = XCBuildConfiguration;
			buildSettings = {
				ALWAYS_SEARCH_USER_PATHS = NO;
				ASSETCATALOG_COMPILER_GENERATE_SWIFT_ASSET_SYMBOL_EXTENSIONS = YES;
				CLANG_ANALYZER_NONNULL = YES;
				CLANG_ANALYZER_NUMBER_OBJECT_CONVERSION = YES_AGGRESSIVE;
				CLANG_CXX_LANGUAGE_STANDARD = "gnu++20";
				CLANG_ENABLE_MODULES = YES;
				CLANG_ENABLE_OBJC_ARC = YES;
				CLANG_ENABLE_OBJC_WEAK = YES;
				CLANG_WARN_BLOCK_CAPTURE_AUTORELEASING = YES;
				CLANG_WARN_BOOL_CONVERSION = YES;
				CLANG_WARN_COMMA = YES;
				CLANG_WARN_CONSTANT_CONVERSION = YES;
				CLANG_WARN_DEPRECATED_OBJC_IMPLEMENTATIONS = YES;
				CLANG_WARN_DIRECT_OBJC_ISA_USAGE = YES_ERROR;
				CLANG_WARN_DOCUMENTATION_COMMENTS = YES;
				CLANG_WARN_EMPTY_BODY = YES;
				CLANG_WARN_ENUM_CONVERSION = YES;
				CLANG_WARN_INFINITE_RECURSION = YES;
				CLANG_WARN_INT_CONVERSION = YES;
				CLANG_WARN_NON_LITERAL_NULL_CONVERSION = YES;
				CLANG_WARN_OBJC_IMPLICIT_RETAIN_SELF = YES;
				CLANG_WARN_OBJC_LITERAL_CONVERSION = YES;
				CLANG_WARN_OBJC_ROOT_CLASS = YES_ERROR;
				CLANG_WARN_QUOTED_INCLUDE_IN_FRAMEWORK_HEADER = YES;
				CLANG_WARN_RANGE_LOOP_ANALYSIS = YES;
				CLANG_WARN_STRICT_PROTOTYPES = YES;
				CLANG_WARN_SUSPICIOUS_MOVE = YES;
				CLANG_WARN_UNGUARDED_AVAILABILITY = YES_AGGRESSIVE;
				CLANG_WARN_UNREACHABLE_CODE = YES;
				CLANG_WARN__DUPLICATE_METHOD_MATCH = YES;
				COPY_PHASE_STRIP = NO;
				DEBUG_INFORMATION_FORMAT = dwarf;
				ENABLE_STRICT_OBJC_MSGSEND = YES;
				ENABLE_TESTABILITY = YES;
				ENABLE_USER_SCRIPT_SANDBOXING = YES;
				GCC_C_LANGUAGE_STANDARD = gnu17;
				GCC_DYNAMIC_NO_PIC = NO;
				GCC_NO_COMMON_BLOCKS = YES;
				GCC_OPTIMIZATION_LEVEL = 0;
				GCC_PREPROCESSOR_DEFINITIONS = (
					"DEBUG=1",
					"$(inherited)",
				);
				GCC_WARN_64_TO_32_BIT_CONVERSION = YES;
				GCC_WARN_ABOUT_RETURN_TYPE = YES_ERROR;
				GCC_WARN_UNDECLARED_SELECTOR = YES;
				GCC_WARN_UNINITIALIZED_AUTOS = YES_AGGRESSIVE;
				GCC_WARN_UNUSED_FUNCTION = YES;
				GCC_WARN_UNUSED_VARIABLE = YES;
				IPHONEOS_DEPLOYMENT_TARGET = 17.0;
				LOCALIZATION_PREFERS_STRING_CATALOGS = YES;
				MTL_ENABLE_DEBUG_INFO = INCLUDE_SOURCE;
				MTL_FAST_MATH = YES;
				ONLY_ACTIVE_ARCH = YES;
				SDKROOT = iphoneos;
				SWIFT_ACTIVE_COMPILATION_CONDITIONS = "DEBUG $(inherited)";
				SWIFT_OPTIMIZATION_LEVEL = "-Onone";
			};
			name = Debug;
		};
		B13510692B0BA019004F337B /* Release */ = {
			isa = XCBuildConfiguration;
			buildSettings = {
				ALWAYS_SEARCH_USER_PATHS = NO;
				ASSETCATALOG_COMPILER_GENERATE_SWIFT_ASSET_SYMBOL_EXTENSIONS = YES;
				CLANG_ANALYZER_NONNULL = YES;
				CLANG_ANALYZER_NUMBER_OBJECT_CONVERSION = YES_AGGRESSIVE;
				CLANG_CXX_LANGUAGE_STANDARD = "gnu++20";
				CLANG_ENABLE_MODULES = YES;
				CLANG_ENABLE_OBJC_ARC = YES;
				CLANG_ENABLE_OBJC_WEAK = YES;
				CLANG_WARN_BLOCK_CAPTURE_AUTORELEASING = YES;
				CLANG_WARN_BOOL_CONVERSION = YES;
				CLANG_WARN_COMMA = YES;
				CLANG_WARN_CONSTANT_CONVERSION = YES;
				CLANG_WARN_DEPRECATED_OBJC_IMPLEMENTATIONS = YES;
				CLANG_WARN_DIRECT_OBJC_ISA_USAGE = YES_ERROR;
				CLANG_WARN_DOCUMENTATION_COMMENTS = YES;
				CLANG_WARN_EMPTY_BODY = YES;
				CLANG_WARN_ENUM_CONVERSION = YES;
				CLANG_WARN_INFINITE_RECURSION = YES;
				CLANG_WARN_INT_CONVERSION = YES;
				CLANG_WARN_NON_LITERAL_NULL_CONVERSION = YES;
				CLANG_WARN_OBJC_IMPLICIT_RETAIN_SELF = YES;
				CLANG_WARN_OBJC_LITERAL_CONVERSION = YES;
				CLANG_WARN_OBJC_ROOT_CLASS = YES_ERROR;
				CLANG_WARN_QUOTED_INCLUDE_IN_FRAMEWORK_HEADER = YES;
				CLANG_WARN_RANGE_LOOP_ANALYSIS = YES;
				CLANG_WARN_STRICT_PROTOTYPES = YES;
				CLANG_WARN_SUSPICIOUS_MOVE = YES;
				CLANG_WARN_UNGUARDED_AVAILABILITY = YES_AGGRESSIVE;
				CLANG_WARN_UNREACHABLE_CODE = YES;
				CLANG_WARN__DUPLICATE_METHOD_MATCH = YES;
				COPY_PHASE_STRIP = NO;
				DEBUG_INFORMATION_FORMAT = "dwarf-with-dsym";
				ENABLE_NS_ASSERTIONS = NO;
				ENABLE_STRICT_OBJC_MSGSEND = YES;
				ENABLE_USER_SCRIPT_SANDBOXING = YES;
				GCC_C_LANGUAGE_STANDARD = gnu17;
				GCC_NO_COMMON_BLOCKS = YES;
				GCC_WARN_64_TO_32_BIT_CONVERSION = YES;
				GCC_WARN_ABOUT_RETURN_TYPE = YES_ERROR;
				GCC_WARN_UNDECLARED_SELECTOR = YES;
				GCC_WARN_UNINITIALIZED_AUTOS = YES_AGGRESSIVE;
				GCC_WARN_UNUSED_FUNCTION = YES;
				GCC_WARN_UNUSED_VARIABLE = YES;
				IPHONEOS_DEPLOYMENT_TARGET = 17.0;
				LOCALIZATION_PREFERS_STRING_CATALOGS = YES;
				MTL_ENABLE_DEBUG_INFO = NO;
				MTL_FAST_MATH = YES;
				SDKROOT = iphoneos;
				SWIFT_COMPILATION_MODE = wholemodule;
				VALIDATE_PRODUCT = YES;
			};
			name = Release;
		};
		B135106B2B0BA019004F337B /* Debug */ = {
			isa = XCBuildConfiguration;
			buildSettings = {
				ASSETCATALOG_COMPILER_APPICON_NAME = AppIcon;
				ASSETCATALOG_COMPILER_GLOBAL_ACCENT_COLOR_NAME = AccentColor;
				CODE_SIGN_STYLE = Automatic;
				CURRENT_PROJECT_VERSION = 1;
				DEVELOPMENT_ASSET_PATHS = "\"TravelJournal/Preview Content\"";
				ENABLE_PREVIEWS = YES;
				GENERATE_INFOPLIST_FILE = YES;
				INFOPLIST_KEY_UIApplicationSceneManifest_Generation = YES;
				INFOPLIST_KEY_UIApplicationSupportsIndirectInputEvents = YES;
				INFOPLIST_KEY_UILaunchScreen_Generation = YES;
				INFOPLIST_KEY_UISupportedInterfaceOrientations_iPad = "UIInterfaceOrientationPortrait UIInterfaceOrientationPortraitUpsideDown UIInterfaceOrientationLandscapeLeft UIInterfaceOrientationLandscapeRight";
				INFOPLIST_KEY_UISupportedInterfaceOrientations_iPhone = "UIInterfaceOrientationPortrait UIInterfaceOrientationLandscapeLeft UIInterfaceOrientationLandscapeRight";
				LD_RUNPATH_SEARCH_PATHS = (
					"$(inherited)",
					"@executable_path/Frameworks",
				);
				MARKETING_VERSION = 1.0;
				PRODUCT_BUNDLE_IDENTIFIER = com.raphael.TravelJournal;
				PRODUCT_NAME = "$(TARGET_NAME)";
				SWIFT_EMIT_LOC_STRINGS = YES;
				SWIFT_VERSION = 5.0;
				TARGETED_DEVICE_FAMILY = "1,2";
			};
			name = Debug;
		};
		B135106C2B0BA019004F337B /* Release */ = {
			isa = XCBuildConfiguration;
			buildSettings = {
				ASSETCATALOG_COMPILER_APPICON_NAME = AppIcon;
				ASSETCATALOG_COMPILER_GLOBAL_ACCENT_COLOR_NAME = AccentColor;
				CODE_SIGN_STYLE = Automatic;
				CURRENT_PROJECT_VERSION = 1;
				DEVELOPMENT_ASSET_PATHS = "\"TravelJournal/Preview Content\"";
				ENABLE_PREVIEWS = YES;
				GENERATE_INFOPLIST_FILE = YES;
				INFOPLIST_KEY_UIApplicationSceneManifest_Generation = YES;
				INFOPLIST_KEY_UIApplicationSupportsIndirectInputEvents = YES;
				INFOPLIST_KEY_UILaunchScreen_Generation = YES;
				INFOPLIST_KEY_UISupportedInterfaceOrientations_iPad = "UIInterfaceOrientationPortrait UIInterfaceOrientationPortraitUpsideDown UIInterfaceOrientationLandscapeLeft UIInterfaceOrientationLandscapeRight";
				INFOPLIST_KEY_UISupportedInterfaceOrientations_iPhone = "UIInterfaceOrientationPortrait UIInterfaceOrientationLandscapeLeft UIInterfaceOrientationLandscapeRight";
				LD_RUNPATH_SEARCH_PATHS = (
					"$(inherited)",
					"@executable_path/Frameworks",
				);
				MARKETING_VERSION = 1.0;
				PRODUCT_BUNDLE_IDENTIFIER = com.raphael.TravelJournal;
				PRODUCT_NAME = "$(TARGET_NAME)";
				SWIFT_EMIT_LOC_STRINGS = YES;
				SWIFT_VERSION = 5.0;
				TARGETED_DEVICE_FAMILY = "1,2";
			};
			name = Release;
		};
/* End XCBuildConfiguration section */

/* Begin XCConfigurationList section */
		B13510572B0BA016004F337B /* Build configuration list for PBXProject "TravelJournal" */ = {
			isa = XCConfigurationList;
			buildConfigurations = (
				B13510682B0BA019004F337B /* Debug */,
				B13510692B0BA019004F337B /* Release */,
			);
			defaultConfigurationIsVisible = 0;
			defaultConfigurationName = Release;
		};
		B135106A2B0BA019004F337B /* Build configuration list for PBXNativeTarget "TravelJournal" */ = {
			isa = XCConfigurationList;
			buildConfigurations = (
				B135106B2B0BA019004F337B /* Debug */,
				B135106C2B0BA019004F337B /* Release */,
			);
			defaultConfigurationIsVisible = 0;
			defaultConfigurationName = Release;
		};
/* End XCConfigurationList section */
	};
	rootObject = B13510542B0BA016004F337B /* Project object */;
}
